
Microsoft Visual Studio Solution File, Format Version 12.00
# Visual Studio Version 17
VisualStudioVersion = 17.1.31903.286
MinimumVisualStudioVersion = 10.0.40219.1
Project("{FAE04EC0-301F-11D3-BF4B-00C04F79EFBC}") = "InnerJoin", "InnerJoin\InnerJoin.csproj", "{733409F1-110C-4CFB-836F-1CAFA2261723}"
EndProject
Global
	GlobalSection(SolutionConfigurationPlatforms) = preSolution
		Debug|Any CPU = Debug|Any CPU
		Release|Any CPU = Release|Any CPU
	EndGlobalSection
	GlobalSection(ProjectConfigurationPlatforms) = postSolution
		{733409F1-110C-4CFB-836F-1CAFA2261723}.Debug|Any CPU.ActiveCfg = Debug|Any CPU
		{733409F1-110C-4CFB-836F-1CAFA2261723}.Debug|Any CPU.Build.0 = Debug|Any CPU
		{733409F1-110C-4CFB-836F-1CAFA2261723}.Release|Any CPU.ActiveCfg = Release|Any CPU
		{733409F1-110C-4CFB-836F-1CAFA2261723}.Release|Any CPU.Build.0 = Release|Any CPU
	EndGlobalSection
	GlobalSection(SolutionProperties) = preSolution
		HideSolutionNode = FALSE
	EndGlobalSection
	GlobalSection(ExtensibilityGlobals) = postSolution
		SolutionGuid = {D7EE68D9-6A99-4843-9D65-2D1F39BE3B25}
	EndGlobalSection
EndGlobal
