
Microsoft Visual Studio Solution File, Format Version 12.00
# Visual Studio Version 17
VisualStudioVersion = 17.0.31825.309
MinimumVisualStudioVersion = 10.0.40219.1
Project("{FAE04EC0-301F-11D3-BF4B-00C04F79EFBC}") = "SelectMany", "SelectMany\SelectMany.csproj", "{9C8F1FD9-0DA2-45B2-8BD4-67D667D068B9}"
EndProject
Global
	GlobalSection(SolutionConfigurationPlatforms) = preSolution
		Debug|Any CPU = Debug|Any CPU
		Release|Any CPU = Release|Any CPU
	EndGlobalSection
	GlobalSection(ProjectConfigurationPlatforms) = postSolution
		{9C8F1FD9-0DA2-45B2-8BD4-67D667D068B9}.Debug|Any CPU.ActiveCfg = Debug|Any CPU
		{9C8F1FD9-0DA2-45B2-8BD4-67D667D068B9}.Debug|Any CPU.Build.0 = Debug|Any CPU
		{9C8F1FD9-0DA2-45B2-8BD4-67D667D068B9}.Release|Any CPU.ActiveCfg = Release|Any CPU
		{9C8F1FD9-0DA2-45B2-8BD4-67D667D068B9}.Release|Any CPU.Build.0 = Release|Any CPU
	EndGlobalSection
	GlobalSection(SolutionProperties) = preSolution
		HideSolutionNode = FALSE
	EndGlobalSection
	GlobalSection(ExtensibilityGlobals) = postSolution
		SolutionGuid = {6ADDF542-8F5E-4E23-9B30-F76BFA729B19}
	EndGlobalSection
EndGlobal
